
Microsoft Visual Studio Solution File, Format Version 12.00
# Visual Studio Version 16
VisualStudioVersion = 16.0.28803.352
MinimumVisualStudioVersion = 10.0.40219.1
Project("{FAE04EC0-301F-11D3-BF4B-00C04F79EFBC}") = "Junio28", "Junio28\Junio28.csproj", "{7B38935E-76BF-415A-BF44-742EB41CAB3E}"
EndProject
Global
	GlobalSection(SolutionConfigurationPlatforms) = preSolution
		Debug|Any CPU = Debug|Any CPU
		Release|Any CPU = Release|Any CPU
	EndGlobalSection
	GlobalSection(ProjectConfigurationPlatforms) = postSolution
		{7B38935E-76BF-415A-BF44-742EB41CAB3E}.Debug|Any CPU.ActiveCfg = Debug|Any CPU
		{7B38935E-76BF-415A-BF44-742EB41CAB3E}.Debug|Any CPU.Build.0 = Debug|Any CPU
		{7B38935E-76BF-415A-BF44-742EB41CAB3E}.Release|Any CPU.ActiveCfg = Release|Any CPU
		{7B38935E-76BF-415A-BF44-742EB41CAB3E}.Release|Any CPU.Build.0 = Release|Any CPU
	EndGlobalSection
	GlobalSection(SolutionProperties) = preSolution
		HideSolutionNode = FALSE
	EndGlobalSection
	GlobalSection(ExtensibilityGlobals) = postSolution
		SolutionGuid = {B7A8E0C2-83D4-41B6-A629-063F2C344002}
	EndGlobalSection
EndGlobal
